
Microsoft Visual Studio Solution File, Format Version 12.00
# Visual Studio 15
VisualStudioVersion = 15.0.27428.2015
MinimumVisualStudioVersion = 10.0.40219.1
Project("{8BC9CEB8-8B4A-11D0-8D11-00A0C91BC942}") = "Phoenix_DLL", "Phoenix_DLL\Phoenix_DLL.vcxproj", "{043E3B8E-6754-4435-BBFB-F431899567EC}"
EndProject
Global
	GlobalSection(SolutionConfigurationPlatforms) = preSolution
		Debug|x64 = Debug|x64
		Debug|x86 = Debug|x86
		Release|x64 = Release|x64
		Release|x86 = Release|x86
	EndGlobalSection
	GlobalSection(ProjectConfigurationPlatforms) = postSolution
		{043E3B8E-6754-4435-BBFB-F431899567EC}.Debug|x64.ActiveCfg = Debug|x64
		{043E3B8E-6754-4435-BBFB-F431899567EC}.Debug|x64.Build.0 = Debug|x64
		{043E3B8E-6754-4435-BBFB-F431899567EC}.Debug|x86.ActiveCfg = Debug|Win32
		{043E3B8E-6754-4435-BBFB-F431899567EC}.Debug|x86.Build.0 = Debug|Win32
		{043E3B8E-6754-4435-BBFB-F431899567EC}.Release|x64.ActiveCfg = Release|x64
		{043E3B8E-6754-4435-BBFB-F431899567EC}.Release|x64.Build.0 = Release|x64
		{043E3B8E-6754-4435-BBFB-F431899567EC}.Release|x86.ActiveCfg = Release|Win32
		{043E3B8E-6754-4435-BBFB-F431899567EC}.Release|x86.Build.0 = Release|Win32
	EndGlobalSection
	GlobalSection(SolutionProperties) = preSolution
		HideSolutionNode = FALSE
	EndGlobalSection
	GlobalSection(ExtensibilityGlobals) = postSolution
		SolutionGuid = {DA0E80FF-5600-4414-855D-61468BF277C7}
	EndGlobalSection
EndGlobal
