
Microsoft Visual Studio Solution File, Format Version 12.00
# Visual Studio 15
VisualStudioVersion = 15.0.27428.2037
MinimumVisualStudioVersion = 10.0.40219.1
Project("{8BC9CEB8-8B4A-11D0-8D11-00A0C91BC942}") = "Server", "Server\Server.vcxproj", "{57084158-C5B4-4EAE-AE93-D9AFCBAB3CC4}"
EndProject
Project("{8BC9CEB8-8B4A-11D0-8D11-00A0C91BC942}") = "Gateway", "Gateway\Gateway.vcxproj", "{CADD562E-330E-4393-A800-8664846E0E82}"
EndProject
Project("{8BC9CEB8-8B4A-11D0-8D11-00A0C91BC942}") = "DLL", "DLL\DLL.vcxproj", "{DA85C2F1-B2AA-46E9-8E0B-393C54560264}"
EndProject
Project("{8BC9CEB8-8B4A-11D0-8D11-00A0C91BC942}") = "Client", "Client\Client.vcxproj", "{3AC5AC42-F484-4442-A261-4A1857CFD2D2}"
EndProject
Project("{8BC9CEB8-8B4A-11D0-8D11-00A0C91BC942}") = "Cliente", "Cliente\Cliente.vcxproj", "{A6DE6624-613E-48F0-B93F-475ED63627E9}"
EndProject
Global
	GlobalSection(SolutionConfigurationPlatforms) = preSolution
		Debug|x64 = Debug|x64
		Debug|x86 = Debug|x86
		Release|x64 = Release|x64
		Release|x86 = Release|x86
	EndGlobalSection
	GlobalSection(ProjectConfigurationPlatforms) = postSolution
		{57084158-C5B4-4EAE-AE93-D9AFCBAB3CC4}.Debug|x64.ActiveCfg = Debug|x64
		{57084158-C5B4-4EAE-AE93-D9AFCBAB3CC4}.Debug|x64.Build.0 = Debug|x64
		{57084158-C5B4-4EAE-AE93-D9AFCBAB3CC4}.Debug|x86.ActiveCfg = Debug|Win32
		{57084158-C5B4-4EAE-AE93-D9AFCBAB3CC4}.Debug|x86.Build.0 = Debug|Win32
		{57084158-C5B4-4EAE-AE93-D9AFCBAB3CC4}.Release|x64.ActiveCfg = Release|x64
		{57084158-C5B4-4EAE-AE93-D9AFCBAB3CC4}.Release|x64.Build.0 = Release|x64
		{57084158-C5B4-4EAE-AE93-D9AFCBAB3CC4}.Release|x86.ActiveCfg = Release|Win32
		{57084158-C5B4-4EAE-AE93-D9AFCBAB3CC4}.Release|x86.Build.0 = Release|Win32
		{CADD562E-330E-4393-A800-8664846E0E82}.Debug|x64.ActiveCfg = Debug|x64
		{CADD562E-330E-4393-A800-8664846E0E82}.Debug|x64.Build.0 = Debug|x64
		{CADD562E-330E-4393-A800-8664846E0E82}.Debug|x86.ActiveCfg = Debug|Win32
		{CADD562E-330E-4393-A800-8664846E0E82}.Debug|x86.Build.0 = Debug|Win32
		{CADD562E-330E-4393-A800-8664846E0E82}.Release|x64.ActiveCfg = Release|x64
		{CADD562E-330E-4393-A800-8664846E0E82}.Release|x64.Build.0 = Release|x64
		{CADD562E-330E-4393-A800-8664846E0E82}.Release|x86.ActiveCfg = Release|Win32
		{CADD562E-330E-4393-A800-8664846E0E82}.Release|x86.Build.0 = Release|Win32
		{DA85C2F1-B2AA-46E9-8E0B-393C54560264}.Debug|x64.ActiveCfg = Debug|x64
		{DA85C2F1-B2AA-46E9-8E0B-393C54560264}.Debug|x64.Build.0 = Debug|x64
		{DA85C2F1-B2AA-46E9-8E0B-393C54560264}.Debug|x86.ActiveCfg = Debug|Win32
		{DA85C2F1-B2AA-46E9-8E0B-393C54560264}.Debug|x86.Build.0 = Debug|Win32
		{DA85C2F1-B2AA-46E9-8E0B-393C54560264}.Release|x64.ActiveCfg = Release|x64
		{DA85C2F1-B2AA-46E9-8E0B-393C54560264}.Release|x64.Build.0 = Release|x64
		{DA85C2F1-B2AA-46E9-8E0B-393C54560264}.Release|x86.ActiveCfg = Release|Win32
		{DA85C2F1-B2AA-46E9-8E0B-393C54560264}.Release|x86.Build.0 = Release|Win32
		{3AC5AC42-F484-4442-A261-4A1857CFD2D2}.Debug|x64.ActiveCfg = Debug|x64
		{3AC5AC42-F484-4442-A261-4A1857CFD2D2}.Debug|x64.Build.0 = Debug|x64
		{3AC5AC42-F484-4442-A261-4A1857CFD2D2}.Debug|x86.ActiveCfg = Debug|Win32
		{3AC5AC42-F484-4442-A261-4A1857CFD2D2}.Debug|x86.Build.0 = Debug|Win32
		{3AC5AC42-F484-4442-A261-4A1857CFD2D2}.Release|x64.ActiveCfg = Release|x64
		{3AC5AC42-F484-4442-A261-4A1857CFD2D2}.Release|x64.Build.0 = Release|x64
		{3AC5AC42-F484-4442-A261-4A1857CFD2D2}.Release|x86.ActiveCfg = Release|Win32
		{3AC5AC42-F484-4442-A261-4A1857CFD2D2}.Release|x86.Build.0 = Release|Win32
		{A6DE6624-613E-48F0-B93F-475ED63627E9}.Debug|x64.ActiveCfg = Debug|x64
		{A6DE6624-613E-48F0-B93F-475ED63627E9}.Debug|x64.Build.0 = Debug|x64
		{A6DE6624-613E-48F0-B93F-475ED63627E9}.Debug|x86.ActiveCfg = Debug|Win32
		{A6DE6624-613E-48F0-B93F-475ED63627E9}.Debug|x86.Build.0 = Debug|Win32
		{A6DE6624-613E-48F0-B93F-475ED63627E9}.Release|x64.ActiveCfg = Release|x64
		{A6DE6624-613E-48F0-B93F-475ED63627E9}.Release|x64.Build.0 = Release|x64
		{A6DE6624-613E-48F0-B93F-475ED63627E9}.Release|x86.ActiveCfg = Release|Win32
		{A6DE6624-613E-48F0-B93F-475ED63627E9}.Release|x86.Build.0 = Release|Win32
	EndGlobalSection
	GlobalSection(SolutionProperties) = preSolution
		HideSolutionNode = FALSE
	EndGlobalSection
	GlobalSection(ExtensibilityGlobals) = postSolution
		SolutionGuid = {91394FCD-990C-4C9D-B8C6-8B8AC431B4F1}
	EndGlobalSection
EndGlobal
